
Microsoft Visual Studio Solution File, Format Version 12.00
# Visual Studio 15
VisualStudioVersion = 15.0.28307.572
MinimumVisualStudioVersion = 10.0.40219.1
Project("{9092AA53-FB77-4645-B42D-1CCCA6BD08BD}") = "brandup-ui", "brandup-ui\brandup-ui.njsproj", "{5C5C7637-B7C3-4267-A1EA-889BB80183FC}"
EndProject
Global
	GlobalSection(SolutionConfigurationPlatforms) = preSolution
		Debug|Any CPU = Debug|Any CPU
		Release|Any CPU = Release|Any CPU
	EndGlobalSection
	GlobalSection(ProjectConfigurationPlatforms) = postSolution
		{5C5C7637-B7C3-4267-A1EA-889BB80183FC}.Debug|Any CPU.ActiveCfg = Debug|Any CPU
		{5C5C7637-B7C3-4267-A1EA-889BB80183FC}.Debug|Any CPU.Build.0 = Debug|Any CPU
		{5C5C7637-B7C3-4267-A1EA-889BB80183FC}.Release|Any CPU.ActiveCfg = Release|Any CPU
		{5C5C7637-B7C3-4267-A1EA-889BB80183FC}.Release|Any CPU.Build.0 = Release|Any CPU
	EndGlobalSection
	GlobalSection(SolutionProperties) = preSolution
		HideSolutionNode = FALSE
	EndGlobalSection
	GlobalSection(ExtensibilityGlobals) = postSolution
		SolutionGuid = {DF7B958F-D1E9-4E0A-9488-8ECF405C7D2F}
	EndGlobalSection
EndGlobal
