{
    "name": "brandup-ui",
    "version": "1.0.0",
    "lockfileVersion": 3,
    "requires": true,
    "packages": {
        "": {
            "name": "brandup-ui",
            "version": "1.0.0",
            "dependencies": {
                "brandup-ui": "./npm/brandup-ui",
                "brandup-ui-ajax": "./npm/brandup-ui-ajax",
                "brandup-ui-dom": "./npm/brandup-ui-dom",
                "brandup-ui-helpers": "./npm/brandup-ui-helpers"
            },
            "devDependencies": {
                "upath": "^2.0.1"
            }
        },
        "node_modules/brandup-ui": {
            "resolved": "npm/brandup-ui",
            "link": true
        },
        "node_modules/brandup-ui-ajax": {
            "resolved": "npm/brandup-ui-ajax",
            "link": true
        },
        "node_modules/brandup-ui-dom": {
            "resolved": "npm/brandup-ui-dom",
            "link": true
        },
        "node_modules/brandup-ui-helpers": {
            "resolved": "npm/brandup-ui-helpers",
            "link": true
        },
        "node_modules/typescript": {
            "version": "4.9.5",
            "resolved": "https://registry.npmjs.org/typescript/-/typescript-4.9.5.tgz",
            "integrity": "sha512-1FXk9E2Hm+QzZQ7z+McJiHL4NW1F2EzMu9Nq9i3zAaGqibafqYwCVU6WyWAuyQRRzOlxou8xZSyXLEN8oKj24g==",
            "dev": true,
            "bin": {
                "tsc": "bin/tsc",
                "tsserver": "bin/tsserver"
            },
            "engines": {
                "node": ">=4.2.0"
            }
        },
        "node_modules/upath": {
            "version": "2.0.1",
            "resolved": "https://registry.npmjs.org/upath/-/upath-2.0.1.tgz",
            "integrity": "sha512-1uEe95xksV1O0CYKXo8vQvN1JEbtJp7lb7C5U9HMsIp6IVwntkH/oNUzyVNQSd4S1sYk2FpSSW44FqMc8qee5w==",
            "dev": true,
            "engines": {
                "node": ">=4",
                "yarn": "*"
            }
        },
        "npm/brandup-ui": {
            "version": "1.0.0",
            "license": "Apache-2.0",
            "devDependencies": {
                "typescript": "^4.9.5"
            }
        },
        "npm/brandup-ui-ajax": {
            "version": "1.0.0",
            "license": "Apache-2.0",
            "devDependencies": {
                "typescript": "^4.9.5"
            }
        },
        "npm/brandup-ui-dom": {
            "version": "1.0.0",
            "license": "Apache-2.0",
            "devDependencies": {
                "typescript": "^4.9.5"
            }
        },
        "npm/brandup-ui-helpers": {
            "version": "1.0.0",
            "license": "Apache-2.0",
            "devDependencies": {
                "typescript": "^4.9.5"
            }
        }
    }
}
